
Microsoft Visual Studio Solution File, Format Version 12.00
# Visual Studio Version 17
VisualStudioVersion = 17.2.32519.379
MinimumVisualStudioVersion = 10.0.40219.1
Project("{FAE04EC0-301F-11D3-BF4B-00C04F79EFBC}") = "PodraoFoodsWeb", "PodraoFoodsWeb.csproj", "{1A6273AB-733F-4849-AB2A-F696154BC778}"
EndProject
Global
	GlobalSection(SolutionConfigurationPlatforms) = preSolution
		Debug|Any CPU = Debug|Any CPU
		Release|Any CPU = Release|Any CPU
	EndGlobalSection
	GlobalSection(ProjectConfigurationPlatforms) = postSolution
		{1A6273AB-733F-4849-AB2A-F696154BC778}.Debug|Any CPU.ActiveCfg = Debug|Any CPU
		{1A6273AB-733F-4849-AB2A-F696154BC778}.Debug|Any CPU.Build.0 = Debug|Any CPU
		{1A6273AB-733F-4849-AB2A-F696154BC778}.Release|Any CPU.ActiveCfg = Release|Any CPU
		{1A6273AB-733F-4849-AB2A-F696154BC778}.Release|Any CPU.Build.0 = Release|Any CPU
	EndGlobalSection
	GlobalSection(SolutionProperties) = preSolution
		HideSolutionNode = FALSE
	EndGlobalSection
	GlobalSection(ExtensibilityGlobals) = postSolution
		SolutionGuid = {FA1895B3-81D6-462A-9CB4-0723E7AC4658}
	EndGlobalSection
EndGlobal
